
Microsoft Visual Studio Solution File, Format Version 12.00
# Visual Studio 15
VisualStudioVersion = 15.0.27130.2024
MinimumVisualStudioVersion = 10.0.40219.1
Project("{FAE04EC0-301F-11D3-BF4B-00C04F79EFBC}") = "LoopOptimization", "LoopOptimization\LoopOptimization.csproj", "{FB37EDA4-3CE6-49BC-8007-D33082DC8DE4}"
EndProject
Global
	GlobalSection(SolutionConfigurationPlatforms) = preSolution
		Debug|Any CPU = Debug|Any CPU
		Release|Any CPU = Release|Any CPU
	EndGlobalSection
	GlobalSection(ProjectConfigurationPlatforms) = postSolution
		{FB37EDA4-3CE6-49BC-8007-D33082DC8DE4}.Debug|Any CPU.ActiveCfg = Debug|Any CPU
		{FB37EDA4-3CE6-49BC-8007-D33082DC8DE4}.Debug|Any CPU.Build.0 = Debug|Any CPU
		{FB37EDA4-3CE6-49BC-8007-D33082DC8DE4}.Release|Any CPU.ActiveCfg = Release|Any CPU
		{FB37EDA4-3CE6-49BC-8007-D33082DC8DE4}.Release|Any CPU.Build.0 = Release|Any CPU
	EndGlobalSection
	GlobalSection(SolutionProperties) = preSolution
		HideSolutionNode = FALSE
	EndGlobalSection
	GlobalSection(ExtensibilityGlobals) = postSolution
		SolutionGuid = {63EA44A3-82EB-4ACF-976E-EE0572E58B18}
	EndGlobalSection
EndGlobal
