
Microsoft Visual Studio Solution File, Format Version 12.00
# Visual Studio 15
VisualStudioVersion = 15.0.27130.2024
MinimumVisualStudioVersion = 10.0.40219.1
Project("{FAE04EC0-301F-11D3-BF4B-00C04F79EFBC}") = "FibonacciSerie", "Fibonacci\FibonacciSerie.csproj", "{6BC5A2E7-0E20-4276-BCC4-291A3E9583ED}"
EndProject
Project("{FAE04EC0-301F-11D3-BF4B-00C04F79EFBC}") = "UnitTest", "UnitTest\UnitTest.csproj", "{B54B6E6B-CD89-4A64-9D8A-4B8405EB39D4}"
EndProject
Global
	GlobalSection(SolutionConfigurationPlatforms) = preSolution
		Debug|Any CPU = Debug|Any CPU
		Release|Any CPU = Release|Any CPU
	EndGlobalSection
	GlobalSection(ProjectConfigurationPlatforms) = postSolution
		{6BC5A2E7-0E20-4276-BCC4-291A3E9583ED}.Debug|Any CPU.ActiveCfg = Debug|Any CPU
		{6BC5A2E7-0E20-4276-BCC4-291A3E9583ED}.Debug|Any CPU.Build.0 = Debug|Any CPU
		{6BC5A2E7-0E20-4276-BCC4-291A3E9583ED}.Release|Any CPU.ActiveCfg = Release|Any CPU
		{6BC5A2E7-0E20-4276-BCC4-291A3E9583ED}.Release|Any CPU.Build.0 = Release|Any CPU
		{B54B6E6B-CD89-4A64-9D8A-4B8405EB39D4}.Debug|Any CPU.ActiveCfg = Debug|Any CPU
		{B54B6E6B-CD89-4A64-9D8A-4B8405EB39D4}.Debug|Any CPU.Build.0 = Debug|Any CPU
		{B54B6E6B-CD89-4A64-9D8A-4B8405EB39D4}.Release|Any CPU.ActiveCfg = Release|Any CPU
		{B54B6E6B-CD89-4A64-9D8A-4B8405EB39D4}.Release|Any CPU.Build.0 = Release|Any CPU
	EndGlobalSection
	GlobalSection(SolutionProperties) = preSolution
		HideSolutionNode = FALSE
	EndGlobalSection
	GlobalSection(ExtensibilityGlobals) = postSolution
		SolutionGuid = {C9BD63AA-6FAC-46C0-A348-A9B2E58176CC}
	EndGlobalSection
EndGlobal
